
Microsoft Visual Studio Solution File, Format Version 12.00
# Visual Studio Version 16
VisualStudioVersion = 16.0.30011.22
MinimumVisualStudioVersion = 10.0.40219.1
Project("{FAE04EC0-301F-11D3-BF4B-00C04F79EFBC}") = "Lab15ex1", "Lab15ex1\Lab15ex1.csproj", "{8EC2CF25-F668-49ED-8AD4-8A4C32CB24CA}"
EndProject
Global
	GlobalSection(SolutionConfigurationPlatforms) = preSolution
		Debug|Any CPU = Debug|Any CPU
		Release|Any CPU = Release|Any CPU
	EndGlobalSection
	GlobalSection(ProjectConfigurationPlatforms) = postSolution
		{8EC2CF25-F668-49ED-8AD4-8A4C32CB24CA}.Debug|Any CPU.ActiveCfg = Debug|Any CPU
		{8EC2CF25-F668-49ED-8AD4-8A4C32CB24CA}.Debug|Any CPU.Build.0 = Debug|Any CPU
		{8EC2CF25-F668-49ED-8AD4-8A4C32CB24CA}.Release|Any CPU.ActiveCfg = Release|Any CPU
		{8EC2CF25-F668-49ED-8AD4-8A4C32CB24CA}.Release|Any CPU.Build.0 = Release|Any CPU
	EndGlobalSection
	GlobalSection(SolutionProperties) = preSolution
		HideSolutionNode = FALSE
	EndGlobalSection
	GlobalSection(ExtensibilityGlobals) = postSolution
		SolutionGuid = {99026E43-ECF5-49BC-97A6-17DBCA352BE2}
	EndGlobalSection
EndGlobal
